
Microsoft Visual Studio Solution File, Format Version 12.00
# Visual Studio 15
Project("{FAE04EC0-301F-11D3-BF4B-00C04F79EFBC}") = "ECommerceServer", "ECommerceServer\ECommerceServer.csproj", "{21A3D877-BEE3-4FFF-8CFC-74547C57E81E}"
EndProject
Global
	GlobalSection(SolutionConfigurationPlatforms) = preSolution
		Debug|Any CPU = Debug|Any CPU
		Release|Any CPU = Release|Any CPU
	EndGlobalSection
	GlobalSection(ProjectConfigurationPlatforms) = postSolution
		{21A3D877-BEE3-4FFF-8CFC-74547C57E81E}.Debug|Any CPU.ActiveCfg = Debug|Any CPU
		{21A3D877-BEE3-4FFF-8CFC-74547C57E81E}.Debug|Any CPU.Build.0 = Debug|Any CPU
		{21A3D877-BEE3-4FFF-8CFC-74547C57E81E}.Release|Any CPU.ActiveCfg = Release|Any CPU
		{21A3D877-BEE3-4FFF-8CFC-74547C57E81E}.Release|Any CPU.Build.0 = Release|Any CPU
	EndGlobalSection
EndGlobal
